
Microsoft Visual Studio Solution File, Format Version 12.00
# Visual Studio Version 17
VisualStudioVersion = 17.4.33110.190
MinimumVisualStudioVersion = 10.0.40219.1
Project("{9A19103F-16F7-4668-BE54-9A1E7A4F7556}") = "VnPay", "VnPay\VnPay.csproj", "{A0897EF0-7BC1-4310-B0A0-98CF6D66B5A3}"
EndProject
Global
	GlobalSection(SolutionConfigurationPlatforms) = preSolution
		Debug|Any CPU = Debug|Any CPU
		Release|Any CPU = Release|Any CPU
	EndGlobalSection
	GlobalSection(ProjectConfigurationPlatforms) = postSolution
		{A0897EF0-7BC1-4310-B0A0-98CF6D66B5A3}.Debug|Any CPU.ActiveCfg = Debug|Any CPU
		{A0897EF0-7BC1-4310-B0A0-98CF6D66B5A3}.Debug|Any CPU.Build.0 = Debug|Any CPU
		{A0897EF0-7BC1-4310-B0A0-98CF6D66B5A3}.Release|Any CPU.ActiveCfg = Release|Any CPU
		{A0897EF0-7BC1-4310-B0A0-98CF6D66B5A3}.Release|Any CPU.Build.0 = Release|Any CPU
	EndGlobalSection
	GlobalSection(SolutionProperties) = preSolution
		HideSolutionNode = FALSE
	EndGlobalSection
	GlobalSection(ExtensibilityGlobals) = postSolution
		SolutionGuid = {F7590791-85D3-413C-AEA4-B0E97EFE6749}
	EndGlobalSection
EndGlobal
